
Microsoft Visual Studio Solution File, Format Version 12.00
# Visual Studio Version 16
VisualStudioVersion = 16.0.28922.388
MinimumVisualStudioVersion = 10.0.40219.1
Project("{FAE04EC0-301F-11D3-BF4B-00C04F79EFBC}") = "BISync Receiving", "BISync Receiving.csproj", "{D39A555D-61DF-467E-8F46-8CB17381C41E}"
EndProject
Project("{FAE04EC0-301F-11D3-BF4B-00C04F79EFBC}") = "BISyncAutomation", "..\..\dwalker17\BiSync-Share\BISyncAutomation\BISyncAutomation.csproj", "{272A34AB-BDB3-4C65-92CE-F194981EB2AF}"
EndProject
Global
	GlobalSection(SolutionConfigurationPlatforms) = preSolution
		32|Any CPU = 32|Any CPU
		32|x86 = 32|x86
		Debug|Any CPU = Debug|Any CPU
		Debug|x86 = Debug|x86
		Release|Any CPU = Release|Any CPU
		Release|x86 = Release|x86
	EndGlobalSection
	GlobalSection(ProjectConfigurationPlatforms) = postSolution
		{D39A555D-61DF-467E-8F46-8CB17381C41E}.32|Any CPU.ActiveCfg = 32|Any CPU
		{D39A555D-61DF-467E-8F46-8CB17381C41E}.32|Any CPU.Build.0 = 32|Any CPU
		{D39A555D-61DF-467E-8F46-8CB17381C41E}.32|x86.ActiveCfg = 32|x86
		{D39A555D-61DF-467E-8F46-8CB17381C41E}.32|x86.Build.0 = 32|x86
		{D39A555D-61DF-467E-8F46-8CB17381C41E}.Debug|Any CPU.ActiveCfg = Debug|Any CPU
		{D39A555D-61DF-467E-8F46-8CB17381C41E}.Debug|Any CPU.Build.0 = Debug|Any CPU
		{D39A555D-61DF-467E-8F46-8CB17381C41E}.Debug|x86.ActiveCfg = Debug|x86
		{D39A555D-61DF-467E-8F46-8CB17381C41E}.Debug|x86.Build.0 = Debug|x86
		{D39A555D-61DF-467E-8F46-8CB17381C41E}.Release|Any CPU.ActiveCfg = Release|Any CPU
		{D39A555D-61DF-467E-8F46-8CB17381C41E}.Release|Any CPU.Build.0 = Release|Any CPU
		{D39A555D-61DF-467E-8F46-8CB17381C41E}.Release|x86.ActiveCfg = Release|x86
		{D39A555D-61DF-467E-8F46-8CB17381C41E}.Release|x86.Build.0 = Release|x86
		{272A34AB-BDB3-4C65-92CE-F194981EB2AF}.32|Any CPU.ActiveCfg = Release|Any CPU
		{272A34AB-BDB3-4C65-92CE-F194981EB2AF}.32|Any CPU.Build.0 = Release|Any CPU
		{272A34AB-BDB3-4C65-92CE-F194981EB2AF}.32|x86.ActiveCfg = Release|Any CPU
		{272A34AB-BDB3-4C65-92CE-F194981EB2AF}.32|x86.Build.0 = Release|Any CPU
		{272A34AB-BDB3-4C65-92CE-F194981EB2AF}.Debug|Any CPU.ActiveCfg = Debug|Any CPU
		{272A34AB-BDB3-4C65-92CE-F194981EB2AF}.Debug|Any CPU.Build.0 = Debug|Any CPU
		{272A34AB-BDB3-4C65-92CE-F194981EB2AF}.Debug|x86.ActiveCfg = Debug|Any CPU
		{272A34AB-BDB3-4C65-92CE-F194981EB2AF}.Debug|x86.Build.0 = Debug|Any CPU
		{272A34AB-BDB3-4C65-92CE-F194981EB2AF}.Release|Any CPU.ActiveCfg = Release|Any CPU
		{272A34AB-BDB3-4C65-92CE-F194981EB2AF}.Release|Any CPU.Build.0 = Release|Any CPU
		{272A34AB-BDB3-4C65-92CE-F194981EB2AF}.Release|x86.ActiveCfg = Release|Any CPU
		{272A34AB-BDB3-4C65-92CE-F194981EB2AF}.Release|x86.Build.0 = Release|Any CPU
	EndGlobalSection
	GlobalSection(SolutionProperties) = preSolution
		HideSolutionNode = FALSE
	EndGlobalSection
	GlobalSection(ExtensibilityGlobals) = postSolution
		SolutionGuid = {D9EAFF96-699C-4735-BF80-FFB3BED39F7C}
	EndGlobalSection
EndGlobal
